
Microsoft Visual Studio Solution File, Format Version 12.00
# Visual Studio Version 17
VisualStudioVersion = 17.14.36221.1 d17.14
MinimumVisualStudioVersion = 10.0.40219.1
Project("{FAE04EC0-301F-11D3-BF4B-00C04F79EFBC}") = "DbFirstApproach", "DbFirstApproach\DbFirstApproach.csproj", "{368514ED-CA4D-4D73-BADD-044E3A20754A}"
EndProject
Global
	GlobalSection(SolutionConfigurationPlatforms) = preSolution
		Debug|Any CPU = Debug|Any CPU
		Release|Any CPU = Release|Any CPU
	EndGlobalSection
	GlobalSection(ProjectConfigurationPlatforms) = postSolution
		{368514ED-CA4D-4D73-BADD-044E3A20754A}.Debug|Any CPU.ActiveCfg = Debug|Any CPU
		{368514ED-CA4D-4D73-BADD-044E3A20754A}.Debug|Any CPU.Build.0 = Debug|Any CPU
		{368514ED-CA4D-4D73-BADD-044E3A20754A}.Release|Any CPU.ActiveCfg = Release|Any CPU
		{368514ED-CA4D-4D73-BADD-044E3A20754A}.Release|Any CPU.Build.0 = Release|Any CPU
	EndGlobalSection
	GlobalSection(SolutionProperties) = preSolution
		HideSolutionNode = FALSE
	EndGlobalSection
	GlobalSection(ExtensibilityGlobals) = postSolution
		SolutionGuid = {6F1CF2F5-E4F0-4ECF-880F-93487718A762}
	EndGlobalSection
EndGlobal
