
Microsoft Visual Studio Solution File, Format Version 12.00
# Visual Studio Version 17
VisualStudioVersion = 17.14.36221.1 d17.14
MinimumVisualStudioVersion = 10.0.40219.1
Project("{FAE04EC0-301F-11D3-BF4B-00C04F79EFBC}") = "Task1_List", "Task1_List\Task1_List.csproj", "{777475E6-976D-4BE3-91F0-49E30A037A6E}"
EndProject
Project("{FAE04EC0-301F-11D3-BF4B-00C04F79EFBC}") = "Task2_Dict", "Task2_Dict\Task2_Dict.csproj", "{3B7EA6FB-AE8C-4FEE-AB69-ABA9E53B0272}"
EndProject
Project("{FAE04EC0-301F-11D3-BF4B-00C04F79EFBC}") = "Task3_Queue_Stack", "Task3_Queue_Stack\Task3_Queue_Stack.csproj", "{C59013E5-F9B3-4AF4-8663-0323396994B0}"
EndProject
Global
	GlobalSection(SolutionConfigurationPlatforms) = preSolution
		Debug|Any CPU = Debug|Any CPU
		Release|Any CPU = Release|Any CPU
	EndGlobalSection
	GlobalSection(ProjectConfigurationPlatforms) = postSolution
		{777475E6-976D-4BE3-91F0-49E30A037A6E}.Debug|Any CPU.ActiveCfg = Debug|Any CPU
		{777475E6-976D-4BE3-91F0-49E30A037A6E}.Debug|Any CPU.Build.0 = Debug|Any CPU
		{777475E6-976D-4BE3-91F0-49E30A037A6E}.Release|Any CPU.ActiveCfg = Release|Any CPU
		{777475E6-976D-4BE3-91F0-49E30A037A6E}.Release|Any CPU.Build.0 = Release|Any CPU
		{3B7EA6FB-AE8C-4FEE-AB69-ABA9E53B0272}.Debug|Any CPU.ActiveCfg = Debug|Any CPU
		{3B7EA6FB-AE8C-4FEE-AB69-ABA9E53B0272}.Debug|Any CPU.Build.0 = Debug|Any CPU
		{3B7EA6FB-AE8C-4FEE-AB69-ABA9E53B0272}.Release|Any CPU.ActiveCfg = Release|Any CPU
		{3B7EA6FB-AE8C-4FEE-AB69-ABA9E53B0272}.Release|Any CPU.Build.0 = Release|Any CPU
		{C59013E5-F9B3-4AF4-8663-0323396994B0}.Debug|Any CPU.ActiveCfg = Debug|Any CPU
		{C59013E5-F9B3-4AF4-8663-0323396994B0}.Debug|Any CPU.Build.0 = Debug|Any CPU
		{C59013E5-F9B3-4AF4-8663-0323396994B0}.Release|Any CPU.ActiveCfg = Release|Any CPU
		{C59013E5-F9B3-4AF4-8663-0323396994B0}.Release|Any CPU.Build.0 = Release|Any CPU
	EndGlobalSection
	GlobalSection(SolutionProperties) = preSolution
		HideSolutionNode = FALSE
	EndGlobalSection
	GlobalSection(ExtensibilityGlobals) = postSolution
		SolutionGuid = {42027643-81AD-4006-B9FA-4238145F7650}
	EndGlobalSection
EndGlobal
