
Microsoft Visual Studio Solution File, Format Version 12.00
# Visual Studio Version 17
VisualStudioVersion = 17.14.36221.1 d17.14
MinimumVisualStudioVersion = 10.0.40219.1
Project("{FAE04EC0-301F-11D3-BF4B-00C04F79EFBC}") = "Company_Orders", "Company_Orders\Company_Orders.csproj", "{FFE2E24F-3C29-4ED1-B8E0-F3DBBD16B46A}"
EndProject
Global
	GlobalSection(SolutionConfigurationPlatforms) = preSolution
		Debug|Any CPU = Debug|Any CPU
		Release|Any CPU = Release|Any CPU
	EndGlobalSection
	GlobalSection(ProjectConfigurationPlatforms) = postSolution
		{FFE2E24F-3C29-4ED1-B8E0-F3DBBD16B46A}.Debug|Any CPU.ActiveCfg = Debug|Any CPU
		{FFE2E24F-3C29-4ED1-B8E0-F3DBBD16B46A}.Debug|Any CPU.Build.0 = Debug|Any CPU
		{FFE2E24F-3C29-4ED1-B8E0-F3DBBD16B46A}.Release|Any CPU.ActiveCfg = Release|Any CPU
		{FFE2E24F-3C29-4ED1-B8E0-F3DBBD16B46A}.Release|Any CPU.Build.0 = Release|Any CPU
	EndGlobalSection
	GlobalSection(SolutionProperties) = preSolution
		HideSolutionNode = FALSE
	EndGlobalSection
	GlobalSection(ExtensibilityGlobals) = postSolution
		SolutionGuid = {3CB5B52B-193B-4D3D-9590-5B6B35AB16BA}
	EndGlobalSection
EndGlobal
