
Microsoft Visual Studio Solution File, Format Version 12.00
# Visual Studio Version 17
VisualStudioVersion = 17.14.36221.1 d17.14
MinimumVisualStudioVersion = 10.0.40219.1
Project("{FAE04EC0-301F-11D3-BF4B-00C04F79EFBC}") = "Inheritance_Lab", "Inheritance_Lab\Inheritance_Lab.csproj", "{A4F1BF87-B3C1-4C2D-B04E-F790E4994633}"
EndProject
Project("{FAE04EC0-301F-11D3-BF4B-00C04F79EFBC}") = "Task2", "Task2\Task2.csproj", "{B023311A-E188-4B2A-AB9B-8ACF020ADCA7}"
EndProject
Project("{FAE04EC0-301F-11D3-BF4B-00C04F79EFBC}") = "SkillAssure", "..\OOPS_Skill_Training\SkillAssure\SkillAssure.csproj", "{8BC1228D-E949-49A6-8197-ED245C6DA2AF}"
EndProject
Global
	GlobalSection(SolutionConfigurationPlatforms) = preSolution
		Debug|Any CPU = Debug|Any CPU
		Release|Any CPU = Release|Any CPU
	EndGlobalSection
	GlobalSection(ProjectConfigurationPlatforms) = postSolution
		{A4F1BF87-B3C1-4C2D-B04E-F790E4994633}.Debug|Any CPU.ActiveCfg = Debug|Any CPU
		{A4F1BF87-B3C1-4C2D-B04E-F790E4994633}.Debug|Any CPU.Build.0 = Debug|Any CPU
		{A4F1BF87-B3C1-4C2D-B04E-F790E4994633}.Release|Any CPU.ActiveCfg = Release|Any CPU
		{A4F1BF87-B3C1-4C2D-B04E-F790E4994633}.Release|Any CPU.Build.0 = Release|Any CPU
		{B023311A-E188-4B2A-AB9B-8ACF020ADCA7}.Debug|Any CPU.ActiveCfg = Debug|Any CPU
		{B023311A-E188-4B2A-AB9B-8ACF020ADCA7}.Debug|Any CPU.Build.0 = Debug|Any CPU
		{B023311A-E188-4B2A-AB9B-8ACF020ADCA7}.Release|Any CPU.ActiveCfg = Release|Any CPU
		{B023311A-E188-4B2A-AB9B-8ACF020ADCA7}.Release|Any CPU.Build.0 = Release|Any CPU
		{8BC1228D-E949-49A6-8197-ED245C6DA2AF}.Debug|Any CPU.ActiveCfg = Debug|Any CPU
		{8BC1228D-E949-49A6-8197-ED245C6DA2AF}.Debug|Any CPU.Build.0 = Debug|Any CPU
		{8BC1228D-E949-49A6-8197-ED245C6DA2AF}.Release|Any CPU.ActiveCfg = Release|Any CPU
		{8BC1228D-E949-49A6-8197-ED245C6DA2AF}.Release|Any CPU.Build.0 = Release|Any CPU
	EndGlobalSection
	GlobalSection(SolutionProperties) = preSolution
		HideSolutionNode = FALSE
	EndGlobalSection
	GlobalSection(ExtensibilityGlobals) = postSolution
		SolutionGuid = {3DB4C60A-7447-4078-9D3E-98BA9C1523BF}
	EndGlobalSection
EndGlobal
