
Microsoft Visual Studio Solution File, Format Version 12.00
# Visual Studio Version 17
VisualStudioVersion = 17.14.36221.1 d17.14
MinimumVisualStudioVersion = 10.0.40219.1
Project("{FAE04EC0-301F-11D3-BF4B-00C04F79EFBC}") = "CompanyPgm_Task", "CompanyPgm_Task\CompanyPgm_Task.csproj", "{237A9863-0656-4D6A-92AC-5429E9F4162D}"
EndProject
Global
	GlobalSection(SolutionConfigurationPlatforms) = preSolution
		Debug|Any CPU = Debug|Any CPU
		Release|Any CPU = Release|Any CPU
	EndGlobalSection
	GlobalSection(ProjectConfigurationPlatforms) = postSolution
		{237A9863-0656-4D6A-92AC-5429E9F4162D}.Debug|Any CPU.ActiveCfg = Debug|Any CPU
		{237A9863-0656-4D6A-92AC-5429E9F4162D}.Debug|Any CPU.Build.0 = Debug|Any CPU
		{237A9863-0656-4D6A-92AC-5429E9F4162D}.Release|Any CPU.ActiveCfg = Release|Any CPU
		{237A9863-0656-4D6A-92AC-5429E9F4162D}.Release|Any CPU.Build.0 = Release|Any CPU
	EndGlobalSection
	GlobalSection(SolutionProperties) = preSolution
		HideSolutionNode = FALSE
	EndGlobalSection
	GlobalSection(ExtensibilityGlobals) = postSolution
		SolutionGuid = {376732AF-B8E4-447D-9389-3D9B13309B0F}
	EndGlobalSection
EndGlobal
