
Microsoft Visual Studio Solution File, Format Version 12.00
# Visual Studio Version 17
VisualStudioVersion = 17.14.36221.1 d17.14
MinimumVisualStudioVersion = 10.0.40219.1
Project("{FAE04EC0-301F-11D3-BF4B-00C04F79EFBC}") = "Task1", "Task1\Task1.csproj", "{67E34DB8-4C17-4E9C-9214-A3C8829F067D}"
EndProject
Project("{FAE04EC0-301F-11D3-BF4B-00C04F79EFBC}") = "Task2", "Task2\Task2.csproj", "{C282E617-E5EC-442C-8B08-D4B600F6D627}"
EndProject
Project("{FAE04EC0-301F-11D3-BF4B-00C04F79EFBC}") = "Task3", "Task3\Task3.csproj", "{F1DB73BB-492D-46AF-B2A4-1986CD06E43F}"
EndProject
Global
	GlobalSection(SolutionConfigurationPlatforms) = preSolution
		Debug|Any CPU = Debug|Any CPU
		Release|Any CPU = Release|Any CPU
	EndGlobalSection
	GlobalSection(ProjectConfigurationPlatforms) = postSolution
		{67E34DB8-4C17-4E9C-9214-A3C8829F067D}.Debug|Any CPU.ActiveCfg = Debug|Any CPU
		{67E34DB8-4C17-4E9C-9214-A3C8829F067D}.Debug|Any CPU.Build.0 = Debug|Any CPU
		{67E34DB8-4C17-4E9C-9214-A3C8829F067D}.Release|Any CPU.ActiveCfg = Release|Any CPU
		{67E34DB8-4C17-4E9C-9214-A3C8829F067D}.Release|Any CPU.Build.0 = Release|Any CPU
		{C282E617-E5EC-442C-8B08-D4B600F6D627}.Debug|Any CPU.ActiveCfg = Debug|Any CPU
		{C282E617-E5EC-442C-8B08-D4B600F6D627}.Debug|Any CPU.Build.0 = Debug|Any CPU
		{C282E617-E5EC-442C-8B08-D4B600F6D627}.Release|Any CPU.ActiveCfg = Release|Any CPU
		{C282E617-E5EC-442C-8B08-D4B600F6D627}.Release|Any CPU.Build.0 = Release|Any CPU
		{F1DB73BB-492D-46AF-B2A4-1986CD06E43F}.Debug|Any CPU.ActiveCfg = Debug|Any CPU
		{F1DB73BB-492D-46AF-B2A4-1986CD06E43F}.Debug|Any CPU.Build.0 = Debug|Any CPU
		{F1DB73BB-492D-46AF-B2A4-1986CD06E43F}.Release|Any CPU.ActiveCfg = Release|Any CPU
		{F1DB73BB-492D-46AF-B2A4-1986CD06E43F}.Release|Any CPU.Build.0 = Release|Any CPU
	EndGlobalSection
	GlobalSection(SolutionProperties) = preSolution
		HideSolutionNode = FALSE
	EndGlobalSection
	GlobalSection(ExtensibilityGlobals) = postSolution
		SolutionGuid = {C3D43E81-8A25-4B0F-ABB4-D31BE02B197C}
	EndGlobalSection
EndGlobal
