
Microsoft Visual Studio Solution File, Format Version 12.00
# Visual Studio Version 17
VisualStudioVersion = 17.14.36221.1 d17.14
MinimumVisualStudioVersion = 10.0.40219.1
Project("{FAE04EC0-301F-11D3-BF4B-00C04F79EFBC}") = "HarmancoolProductsService", "HarmancoolProductsService\HarmancoolProductsService.csproj", "{D3D20149-8D14-4A0E-8503-5E379DD2F795}"
EndProject
Global
	GlobalSection(SolutionConfigurationPlatforms) = preSolution
		Debug|Any CPU = Debug|Any CPU
		Release|Any CPU = Release|Any CPU
	EndGlobalSection
	GlobalSection(ProjectConfigurationPlatforms) = postSolution
		{D3D20149-8D14-4A0E-8503-5E379DD2F795}.Debug|Any CPU.ActiveCfg = Debug|Any CPU
		{D3D20149-8D14-4A0E-8503-5E379DD2F795}.Debug|Any CPU.Build.0 = Debug|Any CPU
		{D3D20149-8D14-4A0E-8503-5E379DD2F795}.Release|Any CPU.ActiveCfg = Release|Any CPU
		{D3D20149-8D14-4A0E-8503-5E379DD2F795}.Release|Any CPU.Build.0 = Release|Any CPU
	EndGlobalSection
	GlobalSection(SolutionProperties) = preSolution
		HideSolutionNode = FALSE
	EndGlobalSection
	GlobalSection(ExtensibilityGlobals) = postSolution
		SolutionGuid = {D99B1978-069F-4FB8-8697-E16B7BDDD368}
	EndGlobalSection
EndGlobal
